{
  "version": 4,
  "terraform_version": "1.11.1",
  "serial": 71,
  "lineage": "f26628a9-9e7a-e59d-beb0-f6084b0932dd",
  "outputs": {},
  "resources": [
    {
      "mode": "managed",
      "type": "helm_release",
      "name": "cert_manager",
      "provider": "provider[\"registry.terraform.io/hashicorp/helm\"]",
      "instances": [
        {
          "schema_version": 1,
          "attributes": {
            "atomic": false,
            "chart": "cert-manager",
            "cleanup_on_fail": false,
            "create_namespace": false,
            "dependency_update": false,
            "description": null,
            "devel": null,
            "disable_crd_hooks": false,
            "disable_openapi_validation": false,
            "disable_webhooks": false,
            "force_update": false,
            "id": "cert-manager",
            "keyring": null,
            "lint": false,
            "manifest": null,
            "max_history": 0,
            "metadata": {
              "app_version": "v1.17.1",
              "chart": "cert-manager",
              "first_deployed": 1741622475,
              "last_deployed": 1741622475,
              "name": "cert-manager",
              "namespace": "cert-manager",
              "revision": 1,
              "values": "{\"installCRDs\":true}",
              "version": "v1.17.1"
            },
            "name": "cert-manager",
            "namespace": "cert-manager",
            "pass_credentials": false,
            "postrender": null,
            "recreate_pods": false,
            "render_subchart_notes": true,
            "replace": false,
            "repository": "https://charts.jetstack.io",
            "repository_ca_file": null,
            "repository_cert_file": null,
            "repository_key_file": null,
            "repository_password": null,
            "repository_username": null,
            "reset_values": false,
            "reuse_values": false,
            "set": [
              {
                "name": "installCRDs",
                "type": "",
                "value": "true"
              }
            ],
            "set_list": null,
            "set_sensitive": null,
            "set_wo": null,
            "set_wo_revision": null,
            "skip_crds": false,
            "status": "deployed",
            "timeout": 300,
            "values": null,
            "verify": false,
            "version": "v1.17.1",
            "wait": true,
            "wait_for_jobs": false
          },
          "sensitive_attributes": [
            [
              {
                "type": "get_attr",
                "value": "repository_password"
              }
            ]
          ],
          "dependencies": [
            "kind_cluster.kind"
          ]
        }
      ]
    },
    {
      "mode": "managed",
      "type": "helm_release",
      "name": "metrics_server",
      "provider": "provider[\"registry.terraform.io/hashicorp/helm\"]",
      "instances": [
        {
          "schema_version": 1,
          "attributes": {
            "atomic": false,
            "chart": "metrics-server",
            "cleanup_on_fail": false,
            "create_namespace": false,
            "dependency_update": false,
            "description": null,
            "devel": null,
            "disable_crd_hooks": false,
            "disable_openapi_validation": false,
            "disable_webhooks": false,
            "force_update": false,
            "id": "metrics-server",
            "keyring": null,
            "lint": false,
            "manifest": null,
            "max_history": 0,
            "metadata": {
              "app_version": "0.7.2",
              "chart": "metrics-server",
              "first_deployed": 1741622476,
              "last_deployed": 1741622476,
              "name": "metrics-server",
              "namespace": "kube-system",
              "revision": 1,
              "values": "{\"args\":[\"--kubelet-insecure-tls\"]}",
              "version": "3.12.2"
            },
            "name": "metrics-server",
            "namespace": "kube-system",
            "pass_credentials": false,
            "postrender": null,
            "recreate_pods": false,
            "render_subchart_notes": true,
            "replace": false,
            "repository": "https://kubernetes-sigs.github.io/metrics-server",
            "repository_ca_file": null,
            "repository_cert_file": null,
            "repository_key_file": null,
            "repository_password": null,
            "repository_username": null,
            "reset_values": false,
            "reuse_values": false,
            "set": null,
            "set_list": null,
            "set_sensitive": null,
            "set_wo": null,
            "set_wo_revision": null,
            "skip_crds": false,
            "status": "deployed",
            "timeout": 300,
            "values": [
              "args:\n  - --kubelet-insecure-tls\n"
            ],
            "verify": false,
            "version": "3.12.2",
            "wait": true,
            "wait_for_jobs": false
          },
          "sensitive_attributes": [
            [
              {
                "type": "get_attr",
                "value": "repository_password"
              }
            ]
          ],
          "dependencies": [
            "kind_cluster.kind"
          ]
        }
      ]
    },
    {
      "mode": "managed",
      "type": "helm_release",
      "name": "otel_collector",
      "provider": "provider[\"registry.terraform.io/hashicorp/helm\"]",
      "instances": [
        {
          "schema_version": 1,
          "attributes": {
            "atomic": false,
            "chart": "opentelemetry-collector",
            "cleanup_on_fail": false,
            "create_namespace": false,
            "dependency_update": false,
            "description": null,
            "devel": null,
            "disable_crd_hooks": false,
            "disable_openapi_validation": false,
            "disable_webhooks": false,
            "force_update": false,
            "id": "otel-collector",
            "keyring": null,
            "lint": false,
            "manifest": null,
            "max_history": 0,
            "metadata": {
              "app_version": "0.102.0",
              "chart": "opentelemetry-collector",
              "first_deployed": 1741622892,
              "last_deployed": 1741622892,
              "name": "otel-collector",
              "namespace": "observability",
              "revision": 1,
              "values": "{\"configMap\":{\"enabled\":true,\"name\":\"otel-collector-config\"},\"image\":{\"repository\":\"otel/opentelemetry-collector-contrib\"},\"mode\":\"deployment\"}",
              "version": "0.93.0"
            },
            "name": "otel-collector",
            "namespace": "observability",
            "pass_credentials": false,
            "postrender": null,
            "recreate_pods": false,
            "render_subchart_notes": true,
            "replace": false,
            "repository": "https://open-telemetry.github.io/opentelemetry-helm-charts",
            "repository_ca_file": null,
            "repository_cert_file": null,
            "repository_key_file": null,
            "repository_password": null,
            "repository_username": null,
            "reset_values": false,
            "reuse_values": false,
            "set": [
              {
                "name": "configMap.enabled",
                "type": "",
                "value": "true"
              },
              {
                "name": "configMap.name",
                "type": "",
                "value": "otel-collector-config"
              },
              {
                "name": "image.repository",
                "type": "",
                "value": "otel/opentelemetry-collector-contrib"
              },
              {
                "name": "mode",
                "type": "",
                "value": "deployment"
              }
            ],
            "set_list": null,
            "set_sensitive": null,
            "set_wo": null,
            "set_wo_revision": null,
            "skip_crds": false,
            "status": "deployed",
            "timeout": 300,
            "values": null,
            "verify": false,
            "version": "0.93.0",
            "wait": true,
            "wait_for_jobs": false
          },
          "sensitive_attributes": [
            [
              {
                "type": "get_attr",
                "value": "repository_password"
              }
            ]
          ],
          "dependencies": [
            "kind_cluster.kind",
            "kubernetes_config_map_v1.otel_collector_config",
            "kubernetes_service_account_v1.otel_collector_account"
          ]
        }
      ]
    },
    {
      "mode": "managed",
      "type": "kind_cluster",
      "name": "kind",
      "provider": "provider[\"registry.terraform.io/tehcyx/kind\"]",
      "instances": [
        {
          "schema_version": 0,
          "attributes": {
            "client_certificate": "-----BEGIN CERTIFICATE-----\nMIIDKTCCAhGgAwIBAgIIHFa1uzKFhFIwDQYJKoZIhvcNAQELBQAwFTETMBEGA1UE\nAxMKa3ViZXJuZXRlczAeFw0yNTAzMDYxMTQ3MDNaFw0yNjAzMDYxMTUyMDNaMDwx\nHzAdBgNVBAoTFmt1YmVhZG06Y2x1c3Rlci1hZG1pbnMxGTAXBgNVBAMTEGt1YmVy\nbmV0ZXMtYWRtaW4wggEiMA0GCSqGSIb3DQEBAQUAA4IBDwAwggEKAoIBAQC/x5JW\nSsaWKziEbk4P8ex7MftmH23psXP8S1JNOCvZf/UsFmRHUdawL/bI0i69EqfMrG+V\nqprKZjW4w+4UYEci/Fa3F+68pL7JEIS8Ay33hcgq+VKjB3PcbbigQHY/y7s9m/MV\nXG51FiKza42gO6UKrho1WLFvYVeB6l5/9AflQ237SsDm7VMRqpaKHNCXsfTBhfU6\ncNUOWogpjcRfUvm9qutlcGaB48+zxvtSwglWh6hiEqkO4YOmfj2tbuYivWM1nlJ3\nPvqCGg86io8mfwTjsAxuNK8WUD/tkKGTwRRhEAUEkaVF7XRH+TIqzqatXh7em6WX\nFU9Iu1EWBOIvLYt1AgMBAAGjVjBUMA4GA1UdDwEB/wQEAwIFoDATBgNVHSUEDDAK\nBggrBgEFBQcDAjAMBgNVHRMBAf8EAjAAMB8GA1UdIwQYMBaAFKisi4MNSctV2jGP\nCW76cEZ5oq6SMA0GCSqGSIb3DQEBCwUAA4IBAQA3CDjX9UlW/VLqaEn3taKv/pcB\nidNhhGeJlA7hfr1FY69wzUbf6wu685hTyptk6LMWx8u/zdI8QleLRCxVRrZwp/2+\nMXrYrcb9RAk02DTXVWv6EAhFGNO934NQwAVRLxiJ+0PGg3zEAPXh8KRomJMHq3GJ\np3E72Yu/1HTVCkPgCsVBqrEbHKcFix2PHE3xBfNGyElfpc0llbVi7jXyWjQEjxZx\nJXYzhrKubY21VVqYvq8clEkevbvKFp6U4NB1JmWUOCwMgX2rZ6gREq/SexAKujO8\nf1FhW5T72JMUKwfvwSmouPSA+Tmyg10HucZUIbqVSloLFnueGCkMni5s7fyp\n-----END CERTIFICATE-----\n",
            "client_key": "-----BEGIN RSA PRIVATE KEY-----\nMIIEowIBAAKCAQEAv8eSVkrGlis4hG5OD/HsezH7Zh9t6bFz/EtSTTgr2X/1LBZk\nR1HWsC/2yNIuvRKnzKxvlaqaymY1uMPuFGBHIvxWtxfuvKS+yRCEvAMt94XIKvlS\nowdz3G24oEB2P8u7PZvzFVxudRYis2uNoDulCq4aNVixb2FXgepef/QH5UNt+0rA\n5u1TEaqWihzQl7H0wYX1OnDVDlqIKY3EX1L5varrZXBmgePPs8b7UsIJVoeoYhKp\nDuGDpn49rW7mIr1jNZ5Sdz76ghoPOoqPJn8E47AMbjSvFlA/7ZChk8EUYRAFBJGl\nRe10R/kyKs6mrV4e3pullxVPSLtRFgTiLy2LdQIDAQABAoIBAAHWc7yH8uc1etEq\nDW1xsAZuMC6GVpNKtAXS4vMCeskWxM6rWEKmshv2GbNK8E+3ggwgCuGwRNNzr0gZ\n+IoRch0PtfUDMbJ1Ea7zjZIPpb0ddxGSWgxd4epW0tIWTAvIc/7fI7EstZJBqAt4\nGF9UsvwrNu0T8H9Uu3XvPQCU4g58VqTwRVPS0Xn/tx/FriCCi+m4NS7UPgkK1weU\n+onRoAy7lpzaG56mQ/kgzvB8D5s7nlhwiK32PAYgSzXXFQR/3117LPDhLT9jX8hU\naxYQto8SZKSYBa1AFaUW5luBCrFNAXdKF5BF+9Z9/YQmiPMo+SvddWmP9PomU+Lm\np0zR3PECgYEA/Ll/BKJjwKRkKkLBBarcvi+Kb9n+L1dwuBKrp3xMC5BV1yj9D3rj\n+IgBlS1N1TE0mWJ011URJbmZ19JnY31PX0IWqLtZUQi4LURw5SpqLTZ2hVOR5tkW\nxA4BfZiLkqlM5DO54oiISQDB5BU+J87RyCg2GSU57SXDPOP+v4pbmB8CgYEAwkPe\nYOrL5UDDhPI9qw0rdg3bW1/d6azF6TD4E5f0O3u/VUeSIOjha8zhF1oKLelPJ27z\nyI47LNx0+V4r2Ty10NoJHxzeRcdle1sdKcmdjmN1+ag5f/mnLsH8nUtaHUxEcjlh\nMkj+Zcjqqid62X2PdvtwcR/FJpPDEhBgjNiGOesCgYBIezr+rURGv98qb7LEWViu\nAxyFL9RC56UgZdptUqzMtDyqVMsfYXN4mCk8C55DArW/OAmiqHcehrikuWeFlS7q\ndx3gjrrzDrkj4nkugJerF++uFWXG+4QX/pxW1SVSjtPKrzskyVus9Fanf6Av8pUf\n/shlNdQDO81e7VTmwlu6qQKBgBp//5ng7ad8Si+ci+UFiuQzx7STQ0ZZFzZUQ8MI\ne3yRyOvtM3Xhzr5R2HLDCZhxtyZ98Ctvm4rnF93chsa/jV3MIGpqGbgTFzjYmQXW\nRvPhhXplBFL8z12FgNxEJyrP+JZMVYHyiyF/YuOLNyrsAeINMq170/0LMxUHvuP3\ntXe5AoGBANnNeh1u89jj2kgkH5WCUM2ihGHlkGZ/CKEYaMny+y0AxgR/t8R3hcfL\nIZwY+s5Gsx+nBp/nGzm+VKeKQSmbYl9q38+0pPCjEJbczcMRllhCIcJTl4HvaeMX\n+ErqkSeE0gfB6qvC39/vkkT1ucOzD9HXe9Nhw4Lg+ulOgGE7KhCE\n-----END RSA PRIVATE KEY-----\n",
            "cluster_ca_certificate": "-----BEGIN CERTIFICATE-----\nMIIDBTCCAe2gAwIBAgIISvLyMFJdmOwwDQYJKoZIhvcNAQELBQAwFTETMBEGA1UE\nAxMKa3ViZXJuZXRlczAeFw0yNTAzMDYxMTQ3MDNaFw0zNTAzMDQxMTUyMDNaMBUx\nEzARBgNVBAMTCmt1YmVybmV0ZXMwggEiMA0GCSqGSIb3DQEBAQUAA4IBDwAwggEK\nAoIBAQDOC/SJ5vzNC8Hj70PO7M8vH4Jaz3ER57GOenNkz9Vz8O2oSJX+b5v4E4dF\nF8HOGZU+ahNU2GkzUNntRIMrOevCpaxEVvMAiynoIzPKqgWU80GnijN1EASD3Xjs\nzrZdyh8kkHkiZT8S8q5r6ZMNKISmlUCPzlLTxWWB0I2N39PM1Par2q2OKgLhU5zJ\niMXgxwi/C2w1J3BuCf2AQqgXaCPnBsl3ZXzS6PjWYsAkWtQyFNlzX55ZIq/HWZUD\nM7FmLqbh61RRqf6EqW95F3FvToiwBh9qSonlV9KLIoz3oCVx61vcnWjWZdSSjcd9\nn+U6eMLwNjpJN+31EpQ562GvBkhhAgMBAAGjWTBXMA4GA1UdDwEB/wQEAwICpDAP\nBgNVHRMBAf8EBTADAQH/MB0GA1UdDgQWBBSorIuDDUnLVdoxjwlu+nBGeaKukjAV\nBgNVHREEDjAMggprdWJlcm5ldGVzMA0GCSqGSIb3DQEBCwUAA4IBAQCb9LeI8FoZ\nIUaBms51bBw4HmVWVaJ62nYoGb21roTq9ffdBBB/yvNdg4k+zgClLwAgey1wzvIF\nGsMXMKJjuAMscCRcZ5p3FzV+i4QhT/wQPx2Hj7ZYuM+tMK6ZlJJHm/4ogT5QgCnj\nWRnTvI53BFae623FJV1aUC8vy94DJeAeT/IO0/U4qdI66bsZz7VEnhLhv8mq3V+d\nfkFLvF27znVvABf/P41KkPLV9wPZq10wfuxPt9Idh/357WqOCCSq3A5x3+5u6l6g\nAXhvvb/7ftkZ7x54UwEVDjCmHVfai2GtmarkKSkyXyxj5+MDV5CunZVIH9jjwRFK\nsS0ujTZnKWJR\n-----END CERTIFICATE-----\n",
            "completed": true,
            "endpoint": "https://127.0.0.1:45809",
            "id": "kind-sdk-kindest/node:v1.32.2@sha256:f226345927d7e348497136874b6d207e0b32cc52154ad8323129352923a3142f",
            "kind_config": [
              {
                "api_version": "kind.x-k8s.io/v1alpha4",
                "containerd_config_patches": [
                  "[plugins.\"io.containerd.grpc.v1.cri\".registry.mirrors.\"localhost:\"]\n  endpoint = [\"http://:\"]\n"
                ],
                "feature_gates": {},
                "kind": "Cluster",
                "networking": [],
                "node": [
                  {
                    "extra_mounts": [],
                    "extra_port_mappings": [
                      {
                        "container_port": 80,
                        "host_port": 80,
                        "listen_address": "0.0.0.0",
                        "protocol": "TCP"
                      },
                      {
                        "container_port": 443,
                        "host_port": 443,
                        "listen_address": "0.0.0.0",
                        "protocol": "TCP"
                      }
                    ],
                    "image": "",
                    "kubeadm_config_patches": [
                      "kind: InitConfiguration\nnodeRegistration:\n  kubeletExtraArgs:\n    node-labels: \"ingress-ready=true\"\n"
                    ],
                    "labels": {},
                    "role": "control-plane"
                  },
                  {
                    "extra_mounts": [],
                    "extra_port_mappings": [],
                    "image": "",
                    "kubeadm_config_patches": [],
                    "labels": {},
                    "role": "worker"
                  }
                ],
                "runtime_config": {}
              }
            ],
            "kubeconfig": "apiVersion: v1\nclusters:\n- cluster:\n    certificate-authority-data: LS0tLS1CRUdJTiBDRVJUSUZJQ0FURS0tLS0tCk1JSURCVENDQWUyZ0F3SUJBZ0lJU3ZMeU1GSmRtT3d3RFFZSktvWklodmNOQVFFTEJRQXdGVEVUTUJFR0ExVUUKQXhNS2EzVmlaWEp1WlhSbGN6QWVGdzB5TlRBek1EWXhNVFEzTUROYUZ3MHpOVEF6TURReE1UVXlNRE5hTUJVeApFekFSQmdOVkJBTVRDbXQxWW1WeWJtVjBaWE13Z2dFaU1BMEdDU3FHU0liM0RRRUJBUVVBQTRJQkR3QXdnZ0VLCkFvSUJBUURPQy9TSjV2ek5DOEhqNzBQTzdNOHZINEphejNFUjU3R09lbk5rejlWejhPMm9TSlgrYjV2NEU0ZEYKRjhIT0daVSthaE5VMkdrelVObnRSSU1yT2V2Q3BheEVWdk1BaXlub0l6UEtxZ1dVODBHbmlqTjFFQVNEM1hqcwp6clpkeWg4a2tIa2laVDhTOHE1cjZaTU5LSVNtbFVDUHpsTFR4V1dCMEkyTjM5UE0xUGFyMnEyT0tnTGhVNXpKCmlNWGd4d2kvQzJ3MUozQnVDZjJBUXFnWGFDUG5Cc2wzWlh6UzZQaldZc0FrV3RReUZObHpYNTVaSXEvSFdaVUQKTTdGbUxxYmg2MVJScWY2RXFXOTVGM0Z2VG9pd0JoOXFTb25sVjlLTElvejNvQ1Z4NjF2Y25XaldaZFNTamNkOQpuK1U2ZU1Md05qcEpOKzMxRXBRNTYyR3ZCa2hoQWdNQkFBR2pXVEJYTUE0R0ExVWREd0VCL3dRRUF3SUNwREFQCkJnTlZIUk1CQWY4RUJUQURBUUgvTUIwR0ExVWREZ1FXQkJTb3JJdUREVW5MVmRveGp3bHUrbkJHZWFLdWtqQVYKQmdOVkhSRUVEakFNZ2dwcmRXSmxjbTVsZEdWek1BMEdDU3FHU0liM0RRRUJDd1VBQTRJQkFRQ2I5TGVJOEZvWgpJVWFCbXM1MWJCdzRIbVZXVmFKNjJuWW9HYjIxcm9UcTlmZmRCQkIveXZOZGc0ayt6Z0NsTHdBZ2V5MXd6dklGCkdzTVhNS0pqdUFNc2NDUmNaNXAzRnpWK2k0UWhUL3dRUHgySGo3Wll1TSt0TUs2WmxKSkhtLzRvZ1Q1UWdDbmoKV1JuVHZJNTNCRmFlNjIzRkpWMWFVQzh2eTk0REplQWVUL0lPMC9VNHFkSTY2YnNaejdWRW5oTGh2OG1xM1YrZApma0ZMdkYyN3puVnZBQmYvUDQxS2tQTFY5d1BacTEwd2Z1eFB0OUlkaC8zNTdXcU9DQ1NxM0E1eDMrNXU2bDZnCkFYaHZ2Yi83ZnRrWjd4NTRVd0VWRGpDbUhWZmFpMkd0bWFya0tTa3lYeXhqNStNRFY1Q3VuWlZJSDlqandSRksKc1MwdWpUWm5LV0pSCi0tLS0tRU5EIENFUlRJRklDQVRFLS0tLS0K\n    server: https://127.0.0.1:45809\n  name: kind-kind-sdk\ncontexts:\n- context:\n    cluster: kind-kind-sdk\n    user: kind-kind-sdk\n  name: kind-kind-sdk\ncurrent-context: kind-kind-sdk\nkind: Config\npreferences: {}\nusers:\n- name: kind-kind-sdk\n  user:\n    client-certificate-data: LS0tLS1CRUdJTiBDRVJUSUZJQ0FURS0tLS0tCk1JSURLVENDQWhHZ0F3SUJBZ0lJSEZhMXV6S0ZoRkl3RFFZSktvWklodmNOQVFFTEJRQXdGVEVUTUJFR0ExVUUKQXhNS2EzVmlaWEp1WlhSbGN6QWVGdzB5TlRBek1EWXhNVFEzTUROYUZ3MHlOakF6TURZeE1UVXlNRE5hTUR3eApIekFkQmdOVkJBb1RGbXQxWW1WaFpHMDZZMngxYzNSbGNpMWhaRzFwYm5NeEdUQVhCZ05WQkFNVEVHdDFZbVZ5CmJtVjBaWE10WVdSdGFXNHdnZ0VpTUEwR0NTcUdTSWIzRFFFQkFRVUFBNElCRHdBd2dnRUtBb0lCQVFDL3g1SlcKU3NhV0t6aUViazRQOGV4N01mdG1IMjNwc1hQOFMxSk5PQ3ZaZi9Vc0ZtUkhVZGF3TC9iSTBpNjlFcWZNckcrVgpxcHJLWmpXNHcrNFVZRWNpL0ZhM0YrNjhwTDdKRUlTOEF5MzNoY2dxK1ZLakIzUGNiYmlnUUhZL3k3czltL01WClhHNTFGaUt6YTQyZ082VUtyaG8xV0xGdllWZUI2bDUvOUFmbFEyMzdTc0RtN1ZNUnFwYUtITkNYc2ZUQmhmVTYKY05VT1dvZ3BqY1JmVXZtOXF1dGxjR2FCNDgrenh2dFN3Z2xXaDZoaUVxa080WU9tZmoydGJ1WWl2V00xbmxKMwpQdnFDR2c4NmlvOG1md1Rqc0F4dU5LOFdVRC90a0tHVHdSUmhFQVVFa2FWRjdYUkgrVElxenFhdFhoN2VtNldYCkZVOUl1MUVXQk9JdkxZdDFBZ01CQUFHalZqQlVNQTRHQTFVZER3RUIvd1FFQXdJRm9EQVRCZ05WSFNVRUREQUsKQmdnckJnRUZCUWNEQWpBTUJnTlZIUk1CQWY4RUFqQUFNQjhHQTFVZEl3UVlNQmFBRktpc2k0TU5TY3RWMmpHUApDVzc2Y0VaNW9xNlNNQTBHQ1NxR1NJYjNEUUVCQ3dVQUE0SUJBUUEzQ0RqWDlVbFcvVkxxYUVuM3RhS3YvcGNCCmlkTmhoR2VKbEE3aGZyMUZZNjl3elViZjZ3dTY4NWhUeXB0azZMTVd4OHUvemRJOFFsZUxSQ3hWUnJad3AvMisKTVhyWXJjYjlSQWswMkRUWFZXdjZFQWhGR05POTM0TlF3QVZSTHhpSiswUEdnM3pFQVBYaDhLUm9tSk1IcTNHSgpwM0U3Mll1LzFIVFZDa1BnQ3NWQnFyRWJIS2NGaXgyUEhFM3hCZk5HeUVsZnBjMGxsYlZpN2pYeVdqUUVqeFp4CkpYWXpockt1YlkyMVZWcVl2cThjbEVrZXZidktGcDZVNE5CMUptV1VPQ3dNZ1gyclo2Z1JFcS9TZXhBS3VqTzgKZjFGaFc1VDcySk1VS3dmdndTbW91UFNBK1RteWcxMEh1Y1pVSWJxVlNsb0xGbnVlR0NrTW5pNXM3ZnlwCi0tLS0tRU5EIENFUlRJRklDQVRFLS0tLS0K\n    client-key-data: LS0tLS1CRUdJTiBSU0EgUFJJVkFURSBLRVktLS0tLQpNSUlFb3dJQkFBS0NBUUVBdjhlU1ZrckdsaXM0aEc1T0QvSHNlekg3Wmg5dDZiRnovRXRTVFRncjJYLzFMQlprClIxSFdzQy8yeU5JdXZSS256S3h2bGFxYXltWTF1TVB1RkdCSEl2eFd0eGZ1dktTK3lSQ0V2QU10OTRYSUt2bFMKb3dkejNHMjRvRUIyUDh1N1BadnpGVnh1ZFJZaXMydU5vRHVsQ3E0YU5WaXhiMkZYZ2VwZWYvUUg1VU50KzByQQo1dTFURWFxV2loelFsN0gwd1lYMU9uRFZEbHFJS1kzRVgxTDV2YXJyWlhCbWdlUFBzOGI3VXNJSlZvZW9ZaEtwCkR1R0RwbjQ5clc3bUlyMWpOWjVTZHo3Nmdob1BPb3FQSm44RTQ3QU1ialN2RmxBLzdaQ2hrOEVVWVJBRkJKR2wKUmUxMFIva3lLczZtclY0ZTNwdWxseFZQU0x0UkZnVGlMeTJMZFFJREFRQUJBb0lCQUFIV2M3eUg4dWMxZXRFcQpEVzF4c0FadU1DNkdWcE5LdEFYUzR2TUNlc2tXeE02cldFS21zaHYyR2JOSzhFKzNnZ3dnQ3VHd1JOTnpyMGdaCitJb1JjaDBQdGZVRE1iSjFFYTd6alpJUHBiMGRkeEdTV2d4ZDRlcFcwdElXVEF2SWMvN2ZJN0VzdFpKQnFBdDQKR0Y5VXN2d3JOdTBUOEg5VXUzWHZQUUNVNGc1OFZxVHdSVlBTMFhuL3R4L0ZyaUNDaSttNE5TN1VQZ2tLMXdlVQorb25Sb0F5N2xwemFHNTZtUS9rZ3p2QjhENXM3bmxod2lLMzJQQVlnU3pYWEZRUi8zMTE3TFBEaExUOWpYOGhVCmF4WVF0bzhTWktTWUJhMUFGYVVXNWx1QkNyRk5BWGRLRjVCRis5WjkvWVFtaVBNbytTdmRkV21QOVBvbVUrTG0KcDB6UjNQRUNnWUVBL0xsL0JLSmp3S1JrS2tMQkJhcmN2aStLYjluK0wxZHd1QktycDN4TUM1QlYxeWo5RDNyagorSWdCbFMxTjFURTBtV0owMTFVUkpibVoxOUpuWTMxUFgwSVdxTHRaVVFpNExVUnc1U3BxTFRaMmhWT1I1dGtXCnhBNEJmWmlMa3FsTTVETzU0b2lJU1FEQjVCVStKODdSeUNnMkdTVTU3U1hEUE9QK3Y0cGJtQjhDZ1lFQXdrUGUKWU9yTDVVRERoUEk5cXcwcmRnM2JXMS9kNmF6RjZURDRFNWYwTzN1L1ZVZVNJT2poYTh6aEYxb0tMZWxQSjI3egp5STQ3TE54MCtWNHIyVHkxME5vSkh4emVSY2RsZTFzZEtjbWRqbU4xK2FnNWYvbW5Mc0g4blV0YUhVeEVjamxoCk1raitaY2pxcWlkNjJYMlBkdnR3Y1IvRkpwUERFaEJnak5pR09lc0NnWUJJZXpyK3JVUkd2OThxYjdMRVdWaXUKQXh5Rkw5UkM1NlVnWmRwdFVxek10RHlxVk1zZllYTjRtQ2s4QzU1REFyVy9PQW1pcUhjZWhyaWt1V2VGbFM3cQpkeDNnanJyekRya2o0bmt1Z0plckYrK3VGV1hHKzRRWC9weFcxU1ZTanRQS3J6c2t5VnVzOUZhbmY2QXY4cFVmCi9zaGxOZFFETzgxZTdWVG13bHU2cVFLQmdCcC8vNW5nN2FkOFNpK2NpK1VGaXVReng3U1RRMFpaRnpaVVE4TUkKZTN5UnlPdnRNM1hoenI1UjJITERDWmh4dHlaOThDdHZtNHJuRjkzY2hzYS9qVjNNSUdwcUdiZ1RGempZbVFYVwpSdlBoaFhwbEJGTDh6MTJGZ054RUp5clArSlpNVllIeWl5Ri9ZdU9MTnlyc0FlSU5NcTE3MC8wTE14VUh2dVAzCnRYZTVBb0dCQU5uTmVoMXU4OWpqMmtna0g1V0NVTTJpaEdIbGtHWi9DS0VZYU1ueSt5MEF4Z1IvdDhSM2hjZkwKSVp3WStzNUdzeCtuQnAvbkd6bStWS2VLUVNtYllsOXEzOCswcFBDakVKYmN6Y01SbGxoQ0ljSlRsNEh2YWVNWAorRXJxa1NlRTBnZkI2cXZDMzkvdmtrVDF1Y096RDlIWGU5Tmh3NExnK3VsT2dHRTdLaENFCi0tLS0tRU5EIFJTQSBQUklWQVRFIEtFWS0tLS0tCg==\n",
            "kubeconfig_path": "./config",
            "name": "kind-sdk",
            "node_image": "kindest/node:v1.32.2@sha256:f226345927d7e348497136874b6d207e0b32cc52154ad8323129352923a3142f",
            "timeouts": null,
            "wait_for_ready": true
          },
          "sensitive_attributes": [],
          "private": "eyJlMmJmYjczMC1lY2FhLTExZTYtOGY4OC0zNDM2M2JjN2M0YzAiOnsiY3JlYXRlIjozMDAwMDAwMDAwMDAsImRlbGV0ZSI6MzAwMDAwMDAwMDAwLCJ1cGRhdGUiOjMwMDAwMDAwMDAwMH19"
        }
      ]
    },
    {
      "mode": "managed",
      "type": "kubectl_manifest",
      "name": "rabbitmq",
      "provider": "provider[\"registry.terraform.io/gavinbunney/kubectl\"]",
      "instances": [
        {
          "schema_version": 1,
          "attributes": {
            "api_version": "rabbitmq.com/v1beta1",
            "apply_only": false,
            "force_conflicts": false,
            "force_new": false,
            "id": "/apis/rabbitmq.com/v1beta1/namespaces/rabbitmq/rabbitmqclusters/rabbit",
            "ignore_fields": null,
            "kind": "RabbitmqCluster",
            "live_manifest_incluster": "1060952eab1cfb96e77dbcd52669b739053bc062bd152c31264d75179c8e0d8d",
            "live_uid": "7280625a-41ad-4a7b-a74f-2c53cf0a006d",
            "name": "rabbit",
            "namespace": "rabbitmq",
            "override_namespace": null,
            "sensitive_fields": null,
            "server_side_apply": false,
            "timeouts": null,
            "uid": "7280625a-41ad-4a7b-a74f-2c53cf0a006d",
            "validate_schema": true,
            "wait": null,
            "wait_for_rollout": true,
            "yaml_body": "apiVersion: rabbitmq.com/v1beta1\nkind: RabbitmqCluster\nmetadata:\n  name: rabbit\n  namespace: rabbitmq\nspec:\n  replicas: 3\n  resources:\n    limits:\n      cpu: \"0.5\"\n      memory: \"250Mi\"\n    requests:\n      cpu: \"0.2\"\n      memory: \"150Mi\"\n  rabbitmq:\n    additionalConfig: |\n      load_definitions = /etc/rabbitmq/definitions.json\n      cluster_partition_handling = pause_minority\n      vm_memory_high_watermark_paging_ratio = 0.99\n      disk_free_limit.relative = 1.0\n      collect_statistics_interval = 5000\n    additionalPlugins:\n      - rabbitmq_management\n      - rabbitmq_federation\n      - rabbitmq_federation_management\n      - rabbitmq_stream\n      - rabbitmq_stream_management\n  override:\n    statefulSet:\n      spec:\n        template:\n          spec:\n            containers:\n            - name: rabbitmq\n              volumeMounts:\n              - mountPath: /etc/rabbitmq/definitions.json\n                subPath: definitions.json\n                name: definitions\n            volumes:\n            - name: definitions\n              configMap:\n                name: definitions # Name of the ConfigMap which contains definitions you wish to import\n",
            "yaml_body_parsed": "apiVersion: rabbitmq.com/v1beta1\nkind: RabbitmqCluster\nmetadata:\n  name: rabbit\n  namespace: rabbitmq\nspec:\n  override:\n    statefulSet:\n      spec:\n        template:\n          spec:\n            containers:\n            - name: rabbitmq\n              volumeMounts:\n              - mountPath: /etc/rabbitmq/definitions.json\n                name: definitions\n                subPath: definitions.json\n            volumes:\n            - configMap:\n                name: definitions\n              name: definitions\n  rabbitmq:\n    additionalConfig: |\n      load_definitions = /etc/rabbitmq/definitions.json\n      cluster_partition_handling = pause_minority\n      vm_memory_high_watermark_paging_ratio = 0.99\n      disk_free_limit.relative = 1.0\n      collect_statistics_interval = 5000\n    additionalPlugins:\n    - rabbitmq_management\n    - rabbitmq_federation\n    - rabbitmq_federation_management\n    - rabbitmq_stream\n    - rabbitmq_stream_management\n  replicas: 3\n  resources:\n    limits:\n      cpu: \"0.5\"\n      memory: 250Mi\n    requests:\n      cpu: \"0.2\"\n      memory: 150Mi\n",
            "yaml_incluster": "1060952eab1cfb96e77dbcd52669b739053bc062bd152c31264d75179c8e0d8d"
          },
          "sensitive_attributes": [
            [
              {
                "type": "get_attr",
                "value": "live_manifest_incluster"
              }
            ],
            [
              {
                "type": "get_attr",
                "value": "yaml_body"
              }
            ],
            [
              {
                "type": "get_attr",
                "value": "yaml_incluster"
              }
            ]
          ],
          "private": "eyJlMmJmYjczMC1lY2FhLTExZTYtOGY4OC0zNDM2M2JjN2M0YzAiOnsiY3JlYXRlIjo2MDAwMDAwMDAwMDB9LCJzY2hlbWFfdmVyc2lvbiI6IjEifQ==",
          "dependencies": [
            "kind_cluster.kind",
            "kubernetes_manifest.rabbitmq_definitions",
            "null_resource.rabbitmq_cluster_operator"
          ]
        }
      ]
    },
    {
      "mode": "managed",
      "type": "kubernetes_cluster_role_binding_v1",
      "name": "otel_collectorrolebinding",
      "provider": "provider[\"registry.terraform.io/hashicorp/kubernetes\"]",
      "instances": [
        {
          "schema_version": 0,
          "attributes": {
            "id": "otel-collector-role-binding",
            "metadata": [
              {
                "annotations": {},
                "generate_name": "",
                "generation": 0,
                "labels": {},
                "name": "otel-collector-role-binding",
                "resource_version": "43071",
                "uid": "ef6e49b4-094a-4a94-9a61-1bcca065d0ee"
              }
            ],
            "role_ref": [
              {
                "api_group": "rbac.authorization.k8s.io",
                "kind": "ClusterRole",
                "name": "otel-collector-role"
              }
            ],
            "subject": [
              {
                "api_group": "",
                "kind": "ServiceAccount",
                "name": "otel-collector-account",
                "namespace": "observability"
              }
            ]
          },
          "sensitive_attributes": [],
          "private": "bnVsbA==",
          "dependencies": [
            "kubernetes_cluster_role_v1.otel_collectorrole",
            "kubernetes_service_account_v1.otel_collector_account"
          ]
        }
      ]
    },
    {
      "mode": "managed",
      "type": "kubernetes_cluster_role_v1",
      "name": "otel_collectorrole",
      "provider": "provider[\"registry.terraform.io/hashicorp/kubernetes\"]",
      "instances": [
        {
          "schema_version": 0,
          "attributes": {
            "aggregation_rule": [],
            "id": "otel-collector-role",
            "metadata": [
              {
                "annotations": {},
                "generate_name": "",
                "generation": 0,
                "labels": {},
                "name": "otel-collector-role",
                "resource_version": "42167",
                "uid": "ca6dc8b3-c6d1-4a61-83d3-91fa17183518"
              }
            ],
            "rule": [
              {
                "api_groups": [
                  ""
                ],
                "non_resource_urls": [],
                "resource_names": [],
                "resources": [
                  "pods",
                  "namespaces"
                ],
                "verbs": [
                  "get",
                  "list",
                  "watch"
                ]
              }
            ]
          },
          "sensitive_attributes": [],
          "private": "bnVsbA=="
        }
      ]
    },
    {
      "mode": "managed",
      "type": "kubernetes_config_map_v1",
      "name": "otel_collector_config",
      "provider": "provider[\"registry.terraform.io/hashicorp/kubernetes\"]",
      "instances": [
        {
          "schema_version": 0,
          "attributes": {
            "binary_data": null,
            "data": {
              "config.yaml": "exporters:\n  prometheus:\n    endpoint: \"0.0.0.0:8889\"\nprocessors:\n  batch:\n    send_batch_max_size: 32768\n    timeout: 400ms\n  memory_limiter:\n    check_interval: 5s\n    limit_percentage: 80\n    spike_limit_percentage: 25\n  k8sattributes:\n    passthrough: false\n    auth_type: \"serviceAccount\"\n    pod_association:\n      - sources:\n        - from: resource_attribute\n          name: k8s.pod.ip\n    extract:\n       metadata:\n        - k8s.pod.name\n    labels:\n      - tag_name: kube_pod_index\n        key: apps.kubernetes.io/pod-index\n        from: pod\nreceivers:\n  otlp:\n    protocols:\n      grpc:\n        endpoint: ${env:MY_POD_IP}:4317\n      http:\n        endpoint: ${env:MY_POD_IP}:4318\n  prometheus:\n    config:\n      scrape_configs:\n        - job_name: \"otel-collector\"\n          scrape_interval: 10s\n          static_configs:\n            - targets: [\"${env:MY_POD_IP}:8888\"]\n        - job_name: \"rabbitmq\"\n          scrape_interval: 20s\n          static_configs:\n            - targets: [\"rabbit.rabbitmq.svc.cluster.local:15692\"]\nextensions:\n  health_check:\n    endpoint: ${env:MY_POD_IP}:13133\nservice:\n  extensions: [health_check, basicauth/server]\n  pipelines:\n    traces:\n      receivers: [otlp]\n      processors: [batch, memory_limiter]\n      exporters: []\n    metrics:\n      receivers: [otlp, prometheus]\n      processors: [batch, memory_limiter, k8sattributes]\n      exporters: [prometheus]\n    logs:\n      receivers: [otlp]\n      processors: [batch, memory_limiter]\n      exporters: []\n"
            },
            "id": "observability/otel-collector-config",
            "immutable": false,
            "metadata": [
              {
                "annotations": null,
                "generate_name": "",
                "generation": 0,
                "labels": null,
                "name": "otel-collector-config",
                "namespace": "observability",
                "resource_version": "43245",
                "uid": "5a0fd138-4eab-415f-af8c-1b47bb637fb7"
              }
            ]
          },
          "sensitive_attributes": [],
          "private": "bnVsbA=="
        }
      ]
    },
    {
      "mode": "managed",
      "type": "kubernetes_manifest",
      "name": "rabbitmq_definitions",
      "provider": "provider[\"registry.terraform.io/hashicorp/kubernetes\"]",
      "instances": [
        {
          "schema_version": 1,
          "attributes": {
            "computed_fields": null,
            "field_manager": [],
            "manifest": {
              "value": {
                "apiVersion": "v1",
                "data": {
                  "definitions.json": "{\"bindings\":[],\"exchanges\":[],\"global_parameters\":[{\"name\":\"cluster_name\",\"value\":\"rabbit@73cf1fdf05d2\"},{\"name\":\"internal_cluster_id\",\"value\":\"rabbitmq-cluster-id-j-jeqGlk6rJYvqR_Tb06yw\"}],\"parameters\":[],\"permissions\":[{\"configure\":\".*\",\"read\":\".*\",\"user\":\"tmsrabbitmq\",\"vhost\":\"/\",\"write\":\".*\"}],\"policies\":[],\"product_name\":\"RabbitMQ\",\"queues\":[],\"topic_permissions\":[],\"users\":[{\"limits\":{},\"name\":\"tmsrabbitmq\",\"password\":\"tmsrabbitmq\",\"tags\":\"administrator\"}],\"vhosts\":[{\"name\":\"/\"}]}"
                },
                "kind": "ConfigMap",
                "metadata": {
                  "name": "definitions",
                  "namespace": "rabbitmq"
                }
              },
              "type": [
                "object",
                {
                  "apiVersion": "string",
                  "data": [
                    "object",
                    {
                      "definitions.json": "string"
                    }
                  ],
                  "kind": "string",
                  "metadata": [
                    "object",
                    {
                      "name": "string",
                      "namespace": "string"
                    }
                  ]
                }
              ]
            },
            "object": {
              "value": {
                "apiVersion": "v1",
                "binaryData": null,
                "data": {
                  "definitions.json": "{\"bindings\":[],\"exchanges\":[],\"global_parameters\":[{\"name\":\"cluster_name\",\"value\":\"rabbit@73cf1fdf05d2\"},{\"name\":\"internal_cluster_id\",\"value\":\"rabbitmq-cluster-id-j-jeqGlk6rJYvqR_Tb06yw\"}],\"parameters\":[],\"permissions\":[{\"configure\":\".*\",\"read\":\".*\",\"user\":\"tmsrabbitmq\",\"vhost\":\"/\",\"write\":\".*\"}],\"policies\":[],\"product_name\":\"RabbitMQ\",\"queues\":[],\"topic_permissions\":[],\"users\":[{\"limits\":{},\"name\":\"tmsrabbitmq\",\"password\":\"tmsrabbitmq\",\"tags\":\"administrator\"}],\"vhosts\":[{\"name\":\"/\"}]}"
                },
                "immutable": null,
                "kind": "ConfigMap",
                "metadata": {
                  "annotations": null,
                  "creationTimestamp": null,
                  "deletionGracePeriodSeconds": null,
                  "deletionTimestamp": null,
                  "finalizers": null,
                  "generateName": null,
                  "generation": null,
                  "labels": null,
                  "managedFields": null,
                  "name": "definitions",
                  "namespace": "rabbitmq",
                  "ownerReferences": null,
                  "resourceVersion": null,
                  "selfLink": null,
                  "uid": null
                }
              },
              "type": [
                "object",
                {
                  "apiVersion": "string",
                  "binaryData": [
                    "map",
                    "string"
                  ],
                  "data": [
                    "map",
                    "string"
                  ],
                  "immutable": "bool",
                  "kind": "string",
                  "metadata": [
                    "object",
                    {
                      "annotations": [
                        "map",
                        "string"
                      ],
                      "creationTimestamp": "string",
                      "deletionGracePeriodSeconds": "number",
                      "deletionTimestamp": "string",
                      "finalizers": [
                        "list",
                        "string"
                      ],
                      "generateName": "string",
                      "generation": "number",
                      "labels": [
                        "map",
                        "string"
                      ],
                      "managedFields": [
                        "tuple",
                        [
                          [
                            "object",
                            {
                              "apiVersion": "string",
                              "fieldsType": "string",
                              "fieldsV1": "dynamic",
                              "manager": "string",
                              "operation": "string",
                              "subresource": "string",
                              "time": "string"
                            }
                          ]
                        ]
                      ],
                      "name": "string",
                      "namespace": "string",
                      "ownerReferences": [
                        "list",
                        [
                          "object",
                          {
                            "apiVersion": "string",
                            "blockOwnerDeletion": "bool",
                            "controller": "bool",
                            "kind": "string",
                            "name": "string",
                            "uid": "string"
                          }
                        ]
                      ],
                      "resourceVersion": "string",
                      "selfLink": "string",
                      "uid": "string"
                    }
                  ]
                }
              ]
            },
            "timeouts": [],
            "wait": [],
            "wait_for": null
          },
          "sensitive_attributes": [],
          "dependencies": [
            "kind_cluster.kind",
            "null_resource.rabbitmq_cluster_operator"
          ]
        }
      ]
    },
    {
      "mode": "managed",
      "type": "kubernetes_namespace",
      "name": "cert_manager",
      "provider": "provider[\"registry.terraform.io/hashicorp/kubernetes\"]",
      "instances": [
        {
          "schema_version": 0,
          "attributes": {
            "id": "cert-manager",
            "metadata": [
              {
                "annotations": {},
                "generate_name": "",
                "generation": 0,
                "labels": {},
                "name": "cert-manager",
                "resource_version": "42168",
                "uid": "ca121729-539e-46e2-88e1-ac3444088463"
              }
            ],
            "timeouts": null,
            "wait_for_default_service_account": false
          },
          "sensitive_attributes": [],
          "private": "eyJlMmJmYjczMC1lY2FhLTExZTYtOGY4OC0zNDM2M2JjN2M0YzAiOnsiZGVsZXRlIjozMDAwMDAwMDAwMDB9fQ=="
        }
      ]
    },
    {
      "mode": "managed",
      "type": "kubernetes_namespace",
      "name": "rabbitmq",
      "provider": "provider[\"registry.terraform.io/hashicorp/kubernetes\"]",
      "instances": [
        {
          "schema_version": 0,
          "attributes": {
            "id": "rabbitmq",
            "metadata": [
              {
                "annotations": {},
                "generate_name": "",
                "generation": 0,
                "labels": {},
                "name": "rabbitmq",
                "resource_version": "828",
                "uid": "23dc199c-8624-4060-91a3-29961f06740f"
              }
            ],
            "timeouts": null,
            "wait_for_default_service_account": false
          },
          "sensitive_attributes": [],
          "private": "eyJlMmJmYjczMC1lY2FhLTExZTYtOGY4OC0zNDM2M2JjN2M0YzAiOnsiZGVsZXRlIjozMDAwMDAwMDAwMDB9fQ=="
        }
      ]
    },
    {
      "mode": "managed",
      "type": "kubernetes_service_account_v1",
      "name": "otel_collector_account",
      "provider": "provider[\"registry.terraform.io/hashicorp/kubernetes\"]",
      "instances": [
        {
          "schema_version": 0,
          "attributes": {
            "automount_service_account_token": true,
            "default_secret_name": "",
            "id": "observability/otel-collector-account",
            "image_pull_secret": [],
            "metadata": [
              {
                "annotations": {},
                "generate_name": "",
                "generation": 0,
                "labels": {},
                "name": "otel-collector-account",
                "namespace": "observability",
                "resource_version": "43070",
                "uid": "d170d584-18da-4c31-a103-80b571f6cb15"
              }
            ],
            "secret": [],
            "timeouts": null
          },
          "sensitive_attributes": [],
          "private": "eyJlMmJmYjczMC1lY2FhLTExZTYtOGY4OC0zNDM2M2JjN2M0YzAiOnsiY3JlYXRlIjozMDAwMDAwMDAwMH19"
        }
      ]
    },
    {
      "mode": "managed",
      "type": "null_resource",
      "name": "rabbitmq_cluster_operator",
      "provider": "provider[\"registry.terraform.io/hashicorp/null\"]",
      "instances": [
        {
          "schema_version": 0,
          "attributes": {
            "id": "4350479595014983819",
            "triggers": null
          },
          "sensitive_attributes": [],
          "dependencies": [
            "kind_cluster.kind"
          ]
        }
      ]
    }
  ],
  "check_results": null
}
